
Microsoft Visual Studio Solution File, Format Version 12.00
# Visual Studio 14
VisualStudioVersion = 14.0.25420.1
MinimumVisualStudioVersion = 10.0.40219.1
Project("{FAE04EC0-301F-11D3-BF4B-00C04F79EFBC}") = "day04-class_vs_instance", "day04-class_vs_instance.csproj", "{7FF798AB-53B3-4F0A-B580-C4592CC37889}"
EndProject
Global
	GlobalSection(SolutionConfigurationPlatforms) = preSolution
		Debug|Any CPU = Debug|Any CPU
		Release|Any CPU = Release|Any CPU
	EndGlobalSection
	GlobalSection(ProjectConfigurationPlatforms) = postSolution
		{7FF798AB-53B3-4F0A-B580-C4592CC37889}.Debug|Any CPU.ActiveCfg = Debug|Any CPU
		{7FF798AB-53B3-4F0A-B580-C4592CC37889}.Debug|Any CPU.Build.0 = Debug|Any CPU
		{7FF798AB-53B3-4F0A-B580-C4592CC37889}.Release|Any CPU.ActiveCfg = Release|Any CPU
		{7FF798AB-53B3-4F0A-B580-C4592CC37889}.Release|Any CPU.Build.0 = Release|Any CPU
	EndGlobalSection
	GlobalSection(SolutionProperties) = preSolution
		HideSolutionNode = FALSE
	EndGlobalSection
EndGlobal
