
Microsoft Visual Studio Solution File, Format Version 12.00
# Visual Studio 14
VisualStudioVersion = 14.0.25420.1
MinimumVisualStudioVersion = 10.0.40219.1
Project("{FAE04EC0-301F-11D3-BF4B-00C04F79EFBC}") = "day03-conditional_statements", "day03-conditional_statements.csproj", "{CFAB4D29-3B86-401B-99F6-E2FEEE9F4E89}"
EndProject
Global
	GlobalSection(SolutionConfigurationPlatforms) = preSolution
		Debug|Any CPU = Debug|Any CPU
		Release|Any CPU = Release|Any CPU
	EndGlobalSection
	GlobalSection(ProjectConfigurationPlatforms) = postSolution
		{CFAB4D29-3B86-401B-99F6-E2FEEE9F4E89}.Debug|Any CPU.ActiveCfg = Debug|Any CPU
		{CFAB4D29-3B86-401B-99F6-E2FEEE9F4E89}.Debug|Any CPU.Build.0 = Debug|Any CPU
		{CFAB4D29-3B86-401B-99F6-E2FEEE9F4E89}.Release|Any CPU.ActiveCfg = Release|Any CPU
		{CFAB4D29-3B86-401B-99F6-E2FEEE9F4E89}.Release|Any CPU.Build.0 = Release|Any CPU
	EndGlobalSection
	GlobalSection(SolutionProperties) = preSolution
		HideSolutionNode = FALSE
	EndGlobalSection
EndGlobal
